
Microsoft Visual Studio Solution File, Format Version 12.00
# Visual Studio Version 16
VisualStudioVersion = 16.0.33529.622
MinimumVisualStudioVersion = 10.0.40219.1
Project("{FAE04EC0-301F-11D3-BF4B-00C04F79EFBC}") = "InterfaceIColorable", "InterfaceIColorable.csproj", "{4DBB7A96-F3F6-4ACD-BC4D-D40CB80719FF}"
EndProject
Global
	GlobalSection(SolutionConfigurationPlatforms) = preSolution
		Debug|Any CPU = Debug|Any CPU
		Release|Any CPU = Release|Any CPU
	EndGlobalSection
	GlobalSection(ProjectConfigurationPlatforms) = postSolution
		{4DBB7A96-F3F6-4ACD-BC4D-D40CB80719FF}.Debug|Any CPU.ActiveCfg = Debug|Any CPU
		{4DBB7A96-F3F6-4ACD-BC4D-D40CB80719FF}.Debug|Any CPU.Build.0 = Debug|Any CPU
		{4DBB7A96-F3F6-4ACD-BC4D-D40CB80719FF}.Release|Any CPU.ActiveCfg = Release|Any CPU
		{4DBB7A96-F3F6-4ACD-BC4D-D40CB80719FF}.Release|Any CPU.Build.0 = Release|Any CPU
	EndGlobalSection
	GlobalSection(SolutionProperties) = preSolution
		HideSolutionNode = FALSE
	EndGlobalSection
	GlobalSection(ExtensibilityGlobals) = postSolution
		SolutionGuid = {E695E531-A145-4B77-A8FD-DEBFC9565853}
	EndGlobalSection
EndGlobal
